Microsoft Visual Studio Solution File, Format Version 10.00
# Visual C++ Express 2008
Project("{8BC9CEB8-8B4A-11D0-8D11-00A0C91BC942}") = "3d", "src\3d.vcproj", "{2B48BE83-108B-4E8E-8A55-6627CF09AC5A}"
	ProjectSection(ProjectDependencies) = postProject
		{44B21233-EFCC-4825-B5E5-3A3BD6CC5516} = {44B21233-EFCC-4825-B5E5-3A3BD6CC5516}
	EndProjectSection
EndProject
Project("{8BC9CEB8-8B4A-11D0-8D11-00A0C91BC942}") = "driver_direct3d", "src\3d\driver\direct3d\driver_direct3d.vcproj", "{263C0F2E-112D-437F-A6AB-DEA151A7A1F0}"
	ProjectSection(ProjectDependencies) = postProject
		{2B48BE83-108B-4E8E-8A55-6627CF09AC5A} = {2B48BE83-108B-4E8E-8A55-6627CF09AC5A}
	EndProjectSection
EndProject
Project("{8BC9CEB8-8B4A-11D0-8D11-00A0C91BC942}") = "driver_dsound", "src\sound\driver\dsound\driver_dsound.vcproj", "{309F8A55-BFBA-433B-8C3E-CB2223F799C3}"
	ProjectSection(ProjectDependencies) = postProject
		{4AF7ADB2-DAF8-4F04-9793-F92010001470} = {4AF7ADB2-DAF8-4F04-9793-F92010001470}
	EndProjectSection
EndProject
Project("{8BC9CEB8-8B4A-11D0-8D11-00A0C91BC942}") = "driver_opengl", "src\3d\driver\opengl\driver_opengl.vcproj", "{1D9576F6-3321-4036-8C86-B5361CCCD4FB}"
	ProjectSection(ProjectDependencies) = postProject
		{2B48BE83-108B-4E8E-8A55-6627CF09AC5A} = {2B48BE83-108B-4E8E-8A55-6627CF09AC5A}
	EndProjectSection
EndProject
Project("{8BC9CEB8-8B4A-11D0-8D11-00A0C91BC942}") = "georges", "src\georges.vcproj", "{9D284C6B-BE12-4549-87E5-2337D64F31BE}"
	ProjectSection(ProjectDependencies) = postProject
		{44B21233-EFCC-4825-B5E5-3A3BD6CC5516} = {44B21233-EFCC-4825-B5E5-3A3BD6CC5516}
	EndProjectSection
EndProject
Project("{8BC9CEB8-8B4A-11D0-8D11-00A0C91BC942}") = "ligo", "src\ligo.vcproj", "{1DDC11C7-AF79-40F3-A6D4-F84BA8644B5C}"
	ProjectSection(ProjectDependencies) = postProject
		{44B21233-EFCC-4825-B5E5-3A3BD6CC5516} = {44B21233-EFCC-4825-B5E5-3A3BD6CC5516}
	EndProjectSection
EndProject
Project("{8BC9CEB8-8B4A-11D0-8D11-00A0C91BC942}") = "logic", "src\logic.vcproj", "{0E723473-FDBB-48D7-8141-1273B917D681}"
	ProjectSection(ProjectDependencies) = postProject
		{44B21233-EFCC-4825-B5E5-3A3BD6CC5516} = {44B21233-EFCC-4825-B5E5-3A3BD6CC5516}
	EndProjectSection
EndProject
Project("{8BC9CEB8-8B4A-11D0-8D11-00A0C91BC942}") = "memory", "src\memory.vcproj", "{FDE48963-8390-4E65-AB12-1840C7587928}"
EndProject
Project("{8BC9CEB8-8B4A-11D0-8D11-00A0C91BC942}") = "misc", "src\misc.vcproj", "{44B21233-EFCC-4825-B5E5-3A3BD6CC5516}"
	ProjectSection(ProjectDependencies) = postProject
		{FDE48963-8390-4E65-AB12-1840C7587928} = {FDE48963-8390-4E65-AB12-1840C7587928}
	EndProjectSection
EndProject
Project("{8BC9CEB8-8B4A-11D0-8D11-00A0C91BC942}") = "net", "src\net.vcproj", "{67AF56A4-A228-4BFB-BDA8-026CBEDE8BF9}"
	ProjectSection(ProjectDependencies) = postProject
		{44B21233-EFCC-4825-B5E5-3A3BD6CC5516} = {44B21233-EFCC-4825-B5E5-3A3BD6CC5516}
	EndProjectSection
EndProject
Project("{8BC9CEB8-8B4A-11D0-8D11-00A0C91BC942}") = "pacs", "src\pacs.vcproj", "{C5253970-8728-4A6F-8BF2-E1D9CF0F3861}"
	ProjectSection(ProjectDependencies) = postProject
		{44B21233-EFCC-4825-B5E5-3A3BD6CC5516} = {44B21233-EFCC-4825-B5E5-3A3BD6CC5516}
	EndProjectSection
EndProject
Project("{8BC9CEB8-8B4A-11D0-8D11-00A0C91BC942}") = "sound", "src\sound.vcproj", "{4AF7ADB2-DAF8-4F04-9793-F92010001470}"
	ProjectSection(ProjectDependencies) = postProject
		{89064E9B-14E9-4FB2-8536-A9151DF55C68} = {89064E9B-14E9-4FB2-8536-A9151DF55C68}
	EndProjectSection
EndProject
Project("{8BC9CEB8-8B4A-11D0-8D11-00A0C91BC942}") = "sound_lowlevel", "src\sound\driver\sound_lowlevel.vcproj", "{89064E9B-14E9-4FB2-8536-A9151DF55C68}"
	ProjectSection(ProjectDependencies) = postProject
		{44B21233-EFCC-4825-B5E5-3A3BD6CC5516} = {44B21233-EFCC-4825-B5E5-3A3BD6CC5516}
	EndProjectSection
EndProject
Project("{8BC9CEB8-8B4A-11D0-8D11-00A0C91BC942}") = "driver_fmod", "src\sound\driver\fmod\driver_fmod.vcproj", "{9440443B-97BA-43C2-A762-31EEC8958BEE}"
	ProjectSection(ProjectDependencies) = postProject
		{4AF7ADB2-DAF8-4F04-9793-F92010001470} = {4AF7ADB2-DAF8-4F04-9793-F92010001470}
	EndProjectSection
EndProject
Global
	GlobalSection(SolutionConfigurationPlatforms) = preSolution
		Debug|Win32 = Debug|Win32
		DebugFast|Win32 = DebugFast|Win32
		Release|Win32 = Release|Win32
		ReleaseDebug|Win32 = ReleaseDebug|Win32
		ReleaseProfile|Win32 = ReleaseProfile|Win32
	EndGlobalSection
	GlobalSection(ProjectConfigurationPlatforms) = postSolution
		{2B48BE83-108B-4E8E-8A55-6627CF09AC5A}.Debug|Win32.ActiveCfg = Debug|Win32
		{2B48BE83-108B-4E8E-8A55-6627CF09AC5A}.Debug|Win32.Build.0 = Debug|Win32
		{2B48BE83-108B-4E8E-8A55-6627CF09AC5A}.DebugFast|Win32.ActiveCfg = DebugFast|Win32
		{2B48BE83-108B-4E8E-8A55-6627CF09AC5A}.DebugFast|Win32.Build.0 = DebugFast|Win32
		{2B48BE83-108B-4E8E-8A55-6627CF09AC5A}.Release|Win32.ActiveCfg = Release|Win32
		{2B48BE83-108B-4E8E-8A55-6627CF09AC5A}.Release|Win32.Build.0 = Release|Win32
		{2B48BE83-108B-4E8E-8A55-6627CF09AC5A}.ReleaseDebug|Win32.ActiveCfg = ReleaseDebug|Win32
		{2B48BE83-108B-4E8E-8A55-6627CF09AC5A}.ReleaseDebug|Win32.Build.0 = ReleaseDebug|Win32
		{2B48BE83-108B-4E8E-8A55-6627CF09AC5A}.ReleaseProfile|Win32.ActiveCfg = ReleaseDebug|Win32
		{2B48BE83-108B-4E8E-8A55-6627CF09AC5A}.ReleaseProfile|Win32.Build.0 = ReleaseDebug|Win32
		{263C0F2E-112D-437F-A6AB-DEA151A7A1F0}.Debug|Win32.ActiveCfg = Debug|Win32
		{263C0F2E-112D-437F-A6AB-DEA151A7A1F0}.Debug|Win32.Build.0 = Debug|Win32
		{263C0F2E-112D-437F-A6AB-DEA151A7A1F0}.DebugFast|Win32.ActiveCfg = DebugFast|Win32
		{263C0F2E-112D-437F-A6AB-DEA151A7A1F0}.DebugFast|Win32.Build.0 = DebugFast|Win32
		{263C0F2E-112D-437F-A6AB-DEA151A7A1F0}.Release|Win32.ActiveCfg = Release|Win32
		{263C0F2E-112D-437F-A6AB-DEA151A7A1F0}.Release|Win32.Build.0 = Release|Win32
		{263C0F2E-112D-437F-A6AB-DEA151A7A1F0}.ReleaseDebug|Win32.ActiveCfg = ReleaseDebug|Win32
		{263C0F2E-112D-437F-A6AB-DEA151A7A1F0}.ReleaseDebug|Win32.Build.0 = ReleaseDebug|Win32
		{263C0F2E-112D-437F-A6AB-DEA151A7A1F0}.ReleaseProfile|Win32.ActiveCfg = ReleaseDebug|Win32
		{263C0F2E-112D-437F-A6AB-DEA151A7A1F0}.ReleaseProfile|Win32.Build.0 = ReleaseDebug|Win32
		{309F8A55-BFBA-433B-8C3E-CB2223F799C3}.Debug|Win32.ActiveCfg = Debug|Win32
		{309F8A55-BFBA-433B-8C3E-CB2223F799C3}.Debug|Win32.Build.0 = Debug|Win32
		{309F8A55-BFBA-433B-8C3E-CB2223F799C3}.DebugFast|Win32.ActiveCfg = DebugFast|Win32
		{309F8A55-BFBA-433B-8C3E-CB2223F799C3}.DebugFast|Win32.Build.0 = DebugFast|Win32
		{309F8A55-BFBA-433B-8C3E-CB2223F799C3}.Release|Win32.ActiveCfg = Release|Win32
		{309F8A55-BFBA-433B-8C3E-CB2223F799C3}.Release|Win32.Build.0 = Release|Win32
		{309F8A55-BFBA-433B-8C3E-CB2223F799C3}.ReleaseDebug|Win32.ActiveCfg = ReleaseDebug|Win32
		{309F8A55-BFBA-433B-8C3E-CB2223F799C3}.ReleaseDebug|Win32.Build.0 = ReleaseDebug|Win32
		{309F8A55-BFBA-433B-8C3E-CB2223F799C3}.ReleaseProfile|Win32.ActiveCfg = Release|Win32
		{309F8A55-BFBA-433B-8C3E-CB2223F799C3}.ReleaseProfile|Win32.Build.0 = Release|Win32
		{1D9576F6-3321-4036-8C86-B5361CCCD4FB}.Debug|Win32.ActiveCfg = Debug|Win32
		{1D9576F6-3321-4036-8C86-B5361CCCD4FB}.Debug|Win32.Build.0 = Debug|Win32
		{1D9576F6-3321-4036-8C86-B5361CCCD4FB}.DebugFast|Win32.ActiveCfg = DebugFast|Win32
		{1D9576F6-3321-4036-8C86-B5361CCCD4FB}.DebugFast|Win32.Build.0 = DebugFast|Win32
		{1D9576F6-3321-4036-8C86-B5361CCCD4FB}.Release|Win32.ActiveCfg = Release|Win32
		{1D9576F6-3321-4036-8C86-B5361CCCD4FB}.Release|Win32.Build.0 = Release|Win32
		{1D9576F6-3321-4036-8C86-B5361CCCD4FB}.ReleaseDebug|Win32.ActiveCfg = ReleaseDebug|Win32
		{1D9576F6-3321-4036-8C86-B5361CCCD4FB}.ReleaseDebug|Win32.Build.0 = ReleaseDebug|Win32
		{1D9576F6-3321-4036-8C86-B5361CCCD4FB}.ReleaseProfile|Win32.ActiveCfg = ReleaseDebug|Win32
		{1D9576F6-3321-4036-8C86-B5361CCCD4FB}.ReleaseProfile|Win32.Build.0 = ReleaseDebug|Win32
		{9D284C6B-BE12-4549-87E5-2337D64F31BE}.Debug|Win32.ActiveCfg = Debug|Win32
		{9D284C6B-BE12-4549-87E5-2337D64F31BE}.Debug|Win32.Build.0 = Debug|Win32
		{9D284C6B-BE12-4549-87E5-2337D64F31BE}.DebugFast|Win32.ActiveCfg = DebugFast|Win32
		{9D284C6B-BE12-4549-87E5-2337D64F31BE}.DebugFast|Win32.Build.0 = DebugFast|Win32
		{9D284C6B-BE12-4549-87E5-2337D64F31BE}.Release|Win32.ActiveCfg = Release|Win32
		{9D284C6B-BE12-4549-87E5-2337D64F31BE}.Release|Win32.Build.0 = Release|Win32
		{9D284C6B-BE12-4549-87E5-2337D64F31BE}.ReleaseDebug|Win32.ActiveCfg = ReleaseDebug|Win32
		{9D284C6B-BE12-4549-87E5-2337D64F31BE}.ReleaseDebug|Win32.Build.0 = ReleaseDebug|Win32
		{9D284C6B-BE12-4549-87E5-2337D64F31BE}.ReleaseProfile|Win32.ActiveCfg = Release|Win32
		{9D284C6B-BE12-4549-87E5-2337D64F31BE}.ReleaseProfile|Win32.Build.0 = Release|Win32
		{1DDC11C7-AF79-40F3-A6D4-F84BA8644B5C}.Debug|Win32.ActiveCfg = Debug|Win32
		{1DDC11C7-AF79-40F3-A6D4-F84BA8644B5C}.Debug|Win32.Build.0 = Debug|Win32
		{1DDC11C7-AF79-40F3-A6D4-F84BA8644B5C}.DebugFast|Win32.ActiveCfg = DebugFast|Win32
		{1DDC11C7-AF79-40F3-A6D4-F84BA8644B5C}.DebugFast|Win32.Build.0 = DebugFast|Win32
		{1DDC11C7-AF79-40F3-A6D4-F84BA8644B5C}.Release|Win32.ActiveCfg = Release|Win32
		{1DDC11C7-AF79-40F3-A6D4-F84BA8644B5C}.Release|Win32.Build.0 = Release|Win32
		{1DDC11C7-AF79-40F3-A6D4-F84BA8644B5C}.ReleaseDebug|Win32.ActiveCfg = ReleaseDebug|Win32
		{1DDC11C7-AF79-40F3-A6D4-F84BA8644B5C}.ReleaseDebug|Win32.Build.0 = ReleaseDebug|Win32
		{1DDC11C7-AF79-40F3-A6D4-F84BA8644B5C}.ReleaseProfile|Win32.ActiveCfg = Release|Win32
		{1DDC11C7-AF79-40F3-A6D4-F84BA8644B5C}.ReleaseProfile|Win32.Build.0 = Release|Win32
		{0E723473-FDBB-48D7-8141-1273B917D681}.Debug|Win32.ActiveCfg = Debug|Win32
		{0E723473-FDBB-48D7-8141-1273B917D681}.Debug|Win32.Build.0 = Debug|Win32
		{0E723473-FDBB-48D7-8141-1273B917D681}.DebugFast|Win32.ActiveCfg = DebugFast|Win32
		{0E723473-FDBB-48D7-8141-1273B917D681}.DebugFast|Win32.Build.0 = DebugFast|Win32
		{0E723473-FDBB-48D7-8141-1273B917D681}.Release|Win32.ActiveCfg = Release|Win32
		{0E723473-FDBB-48D7-8141-1273B917D681}.Release|Win32.Build.0 = Release|Win32
		{0E723473-FDBB-48D7-8141-1273B917D681}.ReleaseDebug|Win32.ActiveCfg = ReleaseDebug|Win32
		{0E723473-FDBB-48D7-8141-1273B917D681}.ReleaseDebug|Win32.Build.0 = ReleaseDebug|Win32
		{0E723473-FDBB-48D7-8141-1273B917D681}.ReleaseProfile|Win32.ActiveCfg = ReleaseDebug|Win32
		{0E723473-FDBB-48D7-8141-1273B917D681}.ReleaseProfile|Win32.Build.0 = ReleaseDebug|Win32
		{FDE48963-8390-4E65-AB12-1840C7587928}.Debug|Win32.ActiveCfg = Debug|Win32
		{FDE48963-8390-4E65-AB12-1840C7587928}.Debug|Win32.Build.0 = Debug|Win32
		{FDE48963-8390-4E65-AB12-1840C7587928}.DebugFast|Win32.ActiveCfg = DebugFast|Win32
		{FDE48963-8390-4E65-AB12-1840C7587928}.DebugFast|Win32.Build.0 = DebugFast|Win32
		{FDE48963-8390-4E65-AB12-1840C7587928}.Release|Win32.ActiveCfg = Release|Win32
		{FDE48963-8390-4E65-AB12-1840C7587928}.Release|Win32.Build.0 = Release|Win32
		{FDE48963-8390-4E65-AB12-1840C7587928}.ReleaseDebug|Win32.ActiveCfg = ReleaseDebug|Win32
		{FDE48963-8390-4E65-AB12-1840C7587928}.ReleaseDebug|Win32.Build.0 = ReleaseDebug|Win32
		{FDE48963-8390-4E65-AB12-1840C7587928}.ReleaseProfile|Win32.ActiveCfg = ReleaseDebug|Win32
		{FDE48963-8390-4E65-AB12-1840C7587928}.ReleaseProfile|Win32.Build.0 = ReleaseDebug|Win32
		{44B21233-EFCC-4825-B5E5-3A3BD6CC5516}.Debug|Win32.ActiveCfg = Debug|Win32
		{44B21233-EFCC-4825-B5E5-3A3BD6CC5516}.Debug|Win32.Build.0 = Debug|Win32
		{44B21233-EFCC-4825-B5E5-3A3BD6CC5516}.DebugFast|Win32.ActiveCfg = DebugFast|Win32
		{44B21233-EFCC-4825-B5E5-3A3BD6CC5516}.DebugFast|Win32.Build.0 = DebugFast|Win32
		{44B21233-EFCC-4825-B5E5-3A3BD6CC5516}.Release|Win32.ActiveCfg = Release|Win32
		{44B21233-EFCC-4825-B5E5-3A3BD6CC5516}.Release|Win32.Build.0 = Release|Win32
		{44B21233-EFCC-4825-B5E5-3A3BD6CC5516}.ReleaseDebug|Win32.ActiveCfg = ReleaseDebug|Win32
		{44B21233-EFCC-4825-B5E5-3A3BD6CC5516}.ReleaseDebug|Win32.Build.0 = ReleaseDebug|Win32
		{44B21233-EFCC-4825-B5E5-3A3BD6CC5516}.ReleaseProfile|Win32.ActiveCfg = Release|Win32
		{44B21233-EFCC-4825-B5E5-3A3BD6CC5516}.ReleaseProfile|Win32.Build.0 = Release|Win32
		{67AF56A4-A228-4BFB-BDA8-026CBEDE8BF9}.Debug|Win32.ActiveCfg = Debug|Win32
		{67AF56A4-A228-4BFB-BDA8-026CBEDE8BF9}.Debug|Win32.Build.0 = Debug|Win32
		{67AF56A4-A228-4BFB-BDA8-026CBEDE8BF9}.DebugFast|Win32.ActiveCfg = DebugFast|Win32
		{67AF56A4-A228-4BFB-BDA8-026CBEDE8BF9}.DebugFast|Win32.Build.0 = DebugFast|Win32
		{67AF56A4-A228-4BFB-BDA8-026CBEDE8BF9}.Release|Win32.ActiveCfg = Release|Win32
		{67AF56A4-A228-4BFB-BDA8-026CBEDE8BF9}.Release|Win32.Build.0 = Release|Win32
		{67AF56A4-A228-4BFB-BDA8-026CBEDE8BF9}.ReleaseDebug|Win32.ActiveCfg = ReleaseDebug|Win32
		{67AF56A4-A228-4BFB-BDA8-026CBEDE8BF9}.ReleaseDebug|Win32.Build.0 = ReleaseDebug|Win32
		{67AF56A4-A228-4BFB-BDA8-026CBEDE8BF9}.ReleaseProfile|Win32.ActiveCfg = Release|Win32
		{67AF56A4-A228-4BFB-BDA8-026CBEDE8BF9}.ReleaseProfile|Win32.Build.0 = Release|Win32
		{C5253970-8728-4A6F-8BF2-E1D9CF0F3861}.Debug|Win32.ActiveCfg = Debug|Win32
		{C5253970-8728-4A6F-8BF2-E1D9CF0F3861}.Debug|Win32.Build.0 = Debug|Win32
		{C5253970-8728-4A6F-8BF2-E1D9CF0F3861}.DebugFast|Win32.ActiveCfg = DebugFast|Win32
		{C5253970-8728-4A6F-8BF2-E1D9CF0F3861}.DebugFast|Win32.Build.0 = DebugFast|Win32
		{C5253970-8728-4A6F-8BF2-E1D9CF0F3861}.Release|Win32.ActiveCfg = Release|Win32
		{C5253970-8728-4A6F-8BF2-E1D9CF0F3861}.Release|Win32.Build.0 = Release|Win32
		{C5253970-8728-4A6F-8BF2-E1D9CF0F3861}.ReleaseDebug|Win32.ActiveCfg = ReleaseDebug|Win32
		{C5253970-8728-4A6F-8BF2-E1D9CF0F3861}.ReleaseDebug|Win32.Build.0 = ReleaseDebug|Win32
		{C5253970-8728-4A6F-8BF2-E1D9CF0F3861}.ReleaseProfile|Win32.ActiveCfg = ReleaseDebug|Win32
		{C5253970-8728-4A6F-8BF2-E1D9CF0F3861}.ReleaseProfile|Win32.Build.0 = ReleaseDebug|Win32
		{4AF7ADB2-DAF8-4F04-9793-F92010001470}.Debug|Win32.ActiveCfg = Debug|Win32
		{4AF7ADB2-DAF8-4F04-9793-F92010001470}.Debug|Win32.Build.0 = Debug|Win32
		{4AF7ADB2-DAF8-4F04-9793-F92010001470}.DebugFast|Win32.ActiveCfg = DebugFast|Win32
		{4AF7ADB2-DAF8-4F04-9793-F92010001470}.DebugFast|Win32.Build.0 = DebugFast|Win32
		{4AF7ADB2-DAF8-4F04-9793-F92010001470}.Release|Win32.ActiveCfg = Release|Win32
		{4AF7ADB2-DAF8-4F04-9793-F92010001470}.Release|Win32.Build.0 = Release|Win32
		{4AF7ADB2-DAF8-4F04-9793-F92010001470}.ReleaseDebug|Win32.ActiveCfg = ReleaseDebug|Win32
		{4AF7ADB2-DAF8-4F04-9793-F92010001470}.ReleaseDebug|Win32.Build.0 = ReleaseDebug|Win32
		{4AF7ADB2-DAF8-4F04-9793-F92010001470}.ReleaseProfile|Win32.ActiveCfg = Release|Win32
		{4AF7ADB2-DAF8-4F04-9793-F92010001470}.ReleaseProfile|Win32.Build.0 = Release|Win32
		{89064E9B-14E9-4FB2-8536-A9151DF55C68}.Debug|Win32.ActiveCfg = Debug|Win32
		{89064E9B-14E9-4FB2-8536-A9151DF55C68}.Debug|Win32.Build.0 = Debug|Win32
		{89064E9B-14E9-4FB2-8536-A9151DF55C68}.DebugFast|Win32.ActiveCfg = DebugFast|Win32
		{89064E9B-14E9-4FB2-8536-A9151DF55C68}.DebugFast|Win32.Build.0 = DebugFast|Win32
		{89064E9B-14E9-4FB2-8536-A9151DF55C68}.Release|Win32.ActiveCfg = Release|Win32
		{89064E9B-14E9-4FB2-8536-A9151DF55C68}.Release|Win32.Build.0 = Release|Win32
		{89064E9B-14E9-4FB2-8536-A9151DF55C68}.ReleaseDebug|Win32.ActiveCfg = ReleaseDebug|Win32
		{89064E9B-14E9-4FB2-8536-A9151DF55C68}.ReleaseDebug|Win32.Build.0 = ReleaseDebug|Win32
		{89064E9B-14E9-4FB2-8536-A9151DF55C68}.ReleaseProfile|Win32.ActiveCfg = Release|Win32
		{89064E9B-14E9-4FB2-8536-A9151DF55C68}.ReleaseProfile|Win32.Build.0 = Release|Win32
		{9440443B-97BA-43C2-A762-31EEC8958BEE}.Debug|Win32.ActiveCfg = Debug|Win32
		{9440443B-97BA-43C2-A762-31EEC8958BEE}.Debug|Win32.Build.0 = Debug|Win32
		{9440443B-97BA-43C2-A762-31EEC8958BEE}.DebugFast|Win32.ActiveCfg = DebugFast|Win32
		{9440443B-97BA-43C2-A762-31EEC8958BEE}.DebugFast|Win32.Build.0 = DebugFast|Win32
		{9440443B-97BA-43C2-A762-31EEC8958BEE}.Release|Win32.ActiveCfg = Release|Win32
		{9440443B-97BA-43C2-A762-31EEC8958BEE}.Release|Win32.Build.0 = Release|Win32
		{9440443B-97BA-43C2-A762-31EEC8958BEE}.ReleaseDebug|Win32.ActiveCfg = ReleaseDebug|Win32
		{9440443B-97BA-43C2-A762-31EEC8958BEE}.ReleaseDebug|Win32.Build.0 = ReleaseDebug|Win32
		{9440443B-97BA-43C2-A762-31EEC8958BEE}.ReleaseProfile|Win32.ActiveCfg = Release|Win32
		{9440443B-97BA-43C2-A762-31EEC8958BEE}.ReleaseProfile|Win32.Build.0 = Release|Win32
	EndGlobalSection
	GlobalSection(SolutionProperties) = preSolution
		HideSolutionNode = FALSE
	EndGlobalSection
EndGlobal
